// !$*UTF8*$!
{
	archiveVersion = 1;
	classes = {
	};
	objectVersion = 56;
	objects = {

/* Begin PBXBuildFile section */
		3B3311CD2C7F26F2003F5238 /* AboutViewController.swift in Sources */ = {isa = PBXBuildFile; fileRef = 3B3311CC2C7F26F2003F5238 /* AboutViewController.swift */; };
		3B3311D22C7F2C66003F5238 /* AboutModel.swift in Sources */ = {isa = PBXBuildFile; fileRef = 3B3311D12C7F2C66003F5238 /* AboutModel.swift */; };
		3B3311D42C7F2CF1003F5238 /* AboutViewModel.swift in Sources */ = {isa = PBXBuildFile; fileRef = 3B3311D32C7F2CF1003F5238 /* AboutViewModel.swift */; };
		3B3311D62C7F32C8003F5238 /* PhotoModel.swift in Sources */ = {isa = PBXBuildFile; fileRef = 3B3311D52C7F32C8003F5238 /* PhotoModel.swift */; };
		3B3311D82C7F32F0003F5238 /* MainViewModel.swift in Sources */ = {isa = PBXBuildFile; fileRef = 3B3311D72C7F32F0003F5238 /* MainViewModel.swift */; };
		3B7470B72C7DBCBB00461FF1 /* Main.storyboard in Resources */ = {isa = PBXBuildFile; fileRef = 3B7470B52C7DBCBB00461FF1 /* Main.storyboard */; };
		3BCD63452C7CF30B00D35516 /* AppDelegate.swift in Sources */ = {isa = PBXBuildFile; fileRef = 3BCD63442C7CF30B00D35516 /* AppDelegate.swift */; };
		3BCD63472C7CF30B00D35516 /* SceneDelegate.swift in Sources */ = {isa = PBXBuildFile; fileRef = 3BCD63462C7CF30B00D35516 /* SceneDelegate.swift */; };
		3BCD63492C7CF30B00D35516 /* MainViewController.swift in Sources */ = {isa = PBXBuildFile; fileRef = 3BCD63482C7CF30B00D35516 /* MainViewController.swift */; };
		3BCD634E2C7CF30C00D35516 /* Assets.xcassets in Resources */ = {isa = PBXBuildFile; fileRef = 3BCD634D2C7CF30C00D35516 /* Assets.xcassets */; };
		3BCD63512C7CF30C00D35516 /* Base in Resources */ = {isa = PBXBuildFile; fileRef = 3BCD63502C7CF30C00D35516 /* Base */; };
		3BCD63592C7CF36C00D35516 /* SettingsViewController.swift in Sources */ = {isa = PBXBuildFile; fileRef = 3BCD63582C7CF36C00D35516 /* SettingsViewController.swift */; };
		3BCD63672C7DAD9000D35516 /* TabBarController.swift in Sources */ = {isa = PBXBuildFile; fileRef = 3BCD63662C7DAD9000D35516 /* TabBarController.swift */; };
/* End PBXBuildFile section */

/* Begin PBXFileReference section */
		3B3311CC2C7F26F2003F5238 /* AboutViewController.swift */ = {isa = PBXFileReference; lastKnownFileType = sourcecode.swift; path = AboutViewController.swift; sourceTree = "<group>"; };
		3B3311D12C7F2C66003F5238 /* AboutModel.swift */ = {isa = PBXFileReference; lastKnownFileType = sourcecode.swift; path = AboutModel.swift; sourceTree = "<group>"; };
		3B3311D32C7F2CF1003F5238 /* AboutViewModel.swift */ = {isa = PBXFileReference; lastKnownFileType = sourcecode.swift; path = AboutViewModel.swift; sourceTree = "<group>"; };
		3B3311D52C7F32C8003F5238 /* PhotoModel.swift */ = {isa = PBXFileReference; lastKnownFileType = sourcecode.swift; path = PhotoModel.swift; sourceTree = "<group>"; };
		3B3311D72C7F32F0003F5238 /* MainViewModel.swift */ = {isa = PBXFileReference; lastKnownFileType = sourcecode.swift; path = MainViewModel.swift; sourceTree = "<group>"; };
		3B7470B52C7DBCBB00461FF1 /* Main.storyboard */ = {isa = PBXFileReference; fileEncoding = 4; lastKnownFileType = file.storyboard; path = Main.storyboard; sourceTree = "<group>"; };
		3BCD63412C7CF30B00D35516 /* PictureEditor.app */ = {isa = PBXFileReference; explicitFileType = wrapper.application; includeInIndex = 0; path = PictureEditor.app; sourceTree = BUILT_PRODUCTS_DIR; };
		3BCD63442C7CF30B00D35516 /* AppDelegate.swift */ = {isa = PBXFileReference; lastKnownFileType = sourcecode.swift; path = AppDelegate.swift; sourceTree = "<group>"; };
		3BCD63462C7CF30B00D35516 /* SceneDelegate.swift */ = {isa = PBXFileReference; lastKnownFileType = sourcecode.swift; path = SceneDelegate.swift; sourceTree = "<group>"; };
		3BCD63482C7CF30B00D35516 /* MainViewController.swift */ = {isa = PBXFileReference; lastKnownFileType = sourcecode.swift; path = MainViewController.swift; sourceTree = "<group>"; };
		3BCD634D2C7CF30C00D35516 /* Assets.xcassets */ = {isa = PBXFileReference; lastKnownFileType = folder.assetcatalog; path = Assets.xcassets; sourceTree = "<group>"; };
		3BCD63502C7CF30C00D35516 /* Base */ = {isa = PBXFileReference; lastKnownFileType = file.storyboard; name = Base; path = Base.lproj/LaunchScreen.storyboard; sourceTree = "<group>"; };
		3BCD63522C7CF30C00D35516 /* Info.plist */ = {isa = PBXFileReference; lastKnownFileType = text.plist.xml; path = Info.plist; sourceTree = "<group>"; };
		3BCD63582C7CF36C00D35516 /* SettingsViewController.swift */ = {isa = PBXFileReference; lastKnownFileType = sourcecode.swift; path = SettingsViewController.swift; sourceTree = "<group>"; };
		3BCD63662C7DAD9000D35516 /* TabBarController.swift */ = {isa = PBXFileReference; lastKnownFileType = sourcecode.swift; path = TabBarController.swift; sourceTree = "<group>"; };
/* End PBXFileReference section */

/* Begin PBXFrameworksBuildPhase section */
		3BCD633E2C7CF30B00D35516 /* Frameworks */ = {
			isa = PBXFrameworksBuildPhase;
			buildActionMask = 2147483647;
			files = (
			);
			runOnlyForDeploymentPostprocessing = 0;
		};
/* End PBXFrameworksBuildPhase section */

/* Begin PBXGroup section */
		3B3311CE2C7F2848003F5238 /* Model */ = {
			isa = PBXGroup;
			children = (
				3B3311D12C7F2C66003F5238 /* AboutModel.swift */,
				3B3311D52C7F32C8003F5238 /* PhotoModel.swift */,
			);
			path = Model;
			sourceTree = "<group>";
		};
		3B3311CF2C7F2852003F5238 /* ViewModel */ = {
			isa = PBXGroup;
			children = (
				3B3311D32C7F2CF1003F5238 /* AboutViewModel.swift */,
				3B3311D72C7F32F0003F5238 /* MainViewModel.swift */,
			);
			path = ViewModel;
			sourceTree = "<group>";
		};
		3B3311D02C7F2859003F5238 /* View */ = {
			isa = PBXGroup;
			children = (
				3BCD63662C7DAD9000D35516 /* TabBarController.swift */,
				3BCD63482C7CF30B00D35516 /* MainViewController.swift */,
				3BCD63582C7CF36C00D35516 /* SettingsViewController.swift */,
				3B3311CC2C7F26F2003F5238 /* AboutViewController.swift */,
			);
			path = View;
			sourceTree = "<group>";
		};
		3BCD63382C7CF30A00D35516 = {
			isa = PBXGroup;
			children = (
				3BCD63432C7CF30B00D35516 /* PictureEditor */,
				3BCD63422C7CF30B00D35516 /* Products */,
			);
			sourceTree = "<group>";
		};
		3BCD63422C7CF30B00D35516 /* Products */ = {
			isa = PBXGroup;
			children = (
				3BCD63412C7CF30B00D35516 /* PictureEditor.app */,
			);
			name = Products;
			sourceTree = "<group>";
		};
		3BCD63432C7CF30B00D35516 /* PictureEditor */ = {
			isa = PBXGroup;
			children = (
				3BCD63442C7CF30B00D35516 /* AppDelegate.swift */,
				3BCD63462C7CF30B00D35516 /* SceneDelegate.swift */,
				3B3311CE2C7F2848003F5238 /* Model */,
				3B3311D02C7F2859003F5238 /* View */,
				3B3311CF2C7F2852003F5238 /* ViewModel */,
				3B7470B52C7DBCBB00461FF1 /* Main.storyboard */,
				3BCD634D2C7CF30C00D35516 /* Assets.xcassets */,
				3BCD634F2C7CF30C00D35516 /* LaunchScreen.storyboard */,
				3BCD63522C7CF30C00D35516 /* Info.plist */,
			);
			path = PictureEditor;
			sourceTree = "<group>";
		};
/* End PBXGroup section */

/* Begin PBXNativeTarget section */
		3BCD63402C7CF30B00D35516 /* PictureEditor */ = {
			isa = PBXNativeTarget;
			buildConfigurationList = 3BCD63552C7CF30C00D35516 /* Build configuration list for PBXNativeTarget "PictureEditor" */;
			buildPhases = (
				3BCD633D2C7CF30B00D35516 /* Sources */,
				3BCD633E2C7CF30B00D35516 /* Frameworks */,
				3BCD633F2C7CF30B00D35516 /* Resources */,
			);
			buildRules = (
			);
			dependencies = (
			);
			name = PictureEditor;
			productName = PictureEditor;
			productReference = 3BCD63412C7CF30B00D35516 /* PictureEditor.app */;
			productType = "com.apple.product-type.application";
		};
/* End PBXNativeTarget section */

/* Begin PBXProject section */
		3BCD63392C7CF30A00D35516 /* Project object */ = {
			isa = PBXProject;
			attributes = {
				BuildIndependentTargetsInParallel = 1;
				LastSwiftUpdateCheck = 1540;
				LastUpgradeCheck = 1540;
				TargetAttributes = {
					3BCD63402C7CF30B00D35516 = {
						CreatedOnToolsVersion = 15.4;
					};
				};
			};
			buildConfigurationList = 3BCD633C2C7CF30A00D35516 /* Build configuration list for PBXProject "PictureEditor" */;
			compatibilityVersion = "Xcode 14.0";
			developmentRegion = en;
			hasScannedForEncodings = 0;
			knownRegions = (
				en,
				Base,
			);
			mainGroup = 3BCD63382C7CF30A00D35516;
			productRefGroup = 3BCD63422C7CF30B00D35516 /* Products */;
			projectDirPath = "";
			projectRoot = "";
			targets = (
				3BCD63402C7CF30B00D35516 /* PictureEditor */,
			);
		};
/* End PBXProject section */

/* Begin PBXResourcesBuildPhase section */
		3BCD633F2C7CF30B00D35516 /* Resources */ = {
			isa = PBXResourcesBuildPhase;
			buildActionMask = 2147483647;
			files = (
				3BCD634E2C7CF30C00D35516 /* Assets.xcassets in Resources */,
				3BCD63512C7CF30C00D35516 /* Base in Resources */,
				3B7470B72C7DBCBB00461FF1 /* Main.storyboard in Resources */,
			);
			runOnlyForDeploymentPostprocessing = 0;
		};
/* End PBXResourcesBuildPhase section */

/* Begin PBXSourcesBuildPhase section */
		3BCD633D2C7CF30B00D35516 /* Sources */ = {
			isa = PBXSourcesBuildPhase;
			buildActionMask = 2147483647;
			files = (
				3BCD63492C7CF30B00D35516 /* MainViewController.swift in Sources */,
				3BCD63452C7CF30B00D35516 /* AppDelegate.swift in Sources */,
				3BCD63672C7DAD9000D35516 /* TabBarController.swift in Sources */,
				3B3311CD2C7F26F2003F5238 /* AboutViewController.swift in Sources */,
				3BCD63472C7CF30B00D35516 /* SceneDelegate.swift in Sources */,
				3BCD63592C7CF36C00D35516 /* SettingsViewController.swift in Sources */,
				3B3311D22C7F2C66003F5238 /* AboutModel.swift in Sources */,
				3B3311D62C7F32C8003F5238 /* PhotoModel.swift in Sources */,
				3B3311D42C7F2CF1003F5238 /* AboutViewModel.swift in Sources */,
				3B3311D82C7F32F0003F5238 /* MainViewModel.swift in Sources */,
			);
			runOnlyForDeploymentPostprocessing = 0;
		};
/* End PBXSourcesBuildPhase section */

/* Begin PBXVariantGroup section */
		3BCD634F2C7CF30C00D35516 /* LaunchScreen.storyboard */ = {
			isa = PBXVariantGroup;
			children = (
				3BCD63502C7CF30C00D35516 /* Base */,
			);
			name = LaunchScreen.storyboard;
			sourceTree = "<group>";
		};
/* End PBXVariantGroup section */

/* Begin XCBuildConfiguration section */
		3BCD63532C7CF30C00D35516 /* Debug */ = {
			isa = XCBuildConfiguration;
			buildSettings = {
				ALWAYS_SEARCH_USER_PATHS = NO;
				ASSETCATALOG_COMPILER_GENERATE_SWIFT_ASSET_SYMBOL_EXTENSIONS = YES;
				CLANG_ANALYZER_NONNULL = YES;
				CLANG_ANALYZER_NUMBER_OBJECT_CONVERSION = YES_AGGRESSIVE;
				CLANG_CXX_LANGUAGE_STANDARD = "gnu++20";
				CLANG_ENABLE_MODULES = YES;
				CLANG_ENABLE_OBJC_ARC = YES;
				CLANG_ENABLE_OBJC_WEAK = YES;
				CLANG_WARN_BLOCK_CAPTURE_AUTORELEASING = YES;
				CLANG_WARN_BOOL_CONVERSION = YES;
				CLANG_WARN_COMMA = YES;
				CLANG_WARN_CONSTANT_CONVERSION = YES;
				CLANG_WARN_DEPRECATED_OBJC_IMPLEMENTATIONS = YES;
				CLANG_WARN_DIRECT_OBJC_ISA_USAGE = YES_ERROR;
				CLANG_WARN_DOCUMENTATION_COMMENTS = YES;
				CLANG_WARN_EMPTY_BODY = YES;
				CLANG_WARN_ENUM_CONVERSION = YES;
				CLANG_WARN_INFINITE_RECURSION = YES;
				CLANG_WARN_INT_CONVERSION = YES;
				CLANG_WARN_NON_LITERAL_NULL_CONVERSION = YES;
				CLANG_WARN_OBJC_IMPLICIT_RETAIN_SELF = YES;
				CLANG_WARN_OBJC_LITERAL_CONVERSION = YES;
				CLANG_WARN_OBJC_ROOT_CLASS = YES_ERROR;
				CLANG_WARN_QUOTED_INCLUDE_IN_FRAMEWORK_HEADER = YES;
				CLANG_WARN_RANGE_LOOP_ANALYSIS = YES;
				CLANG_WARN_STRICT_PROTOTYPES = YES;
				CLANG_WARN_SUSPICIOUS_MOVE = YES;
				CLANG_WARN_UNGUARDED_AVAILABILITY = YES_AGGRESSIVE;
				CLANG_WARN_UNREACHABLE_CODE = YES;
				CLANG_WARN__DUPLICATE_METHOD_MATCH = YES;
				COPY_PHASE_STRIP = NO;
				DEBUG_INFORMATION_FORMAT = dwarf;
				ENABLE_STRICT_OBJC_MSGSEND = YES;
				ENABLE_TESTABILITY = YES;
				ENABLE_USER_SCRIPT_SANDBOXING = YES;
				GCC_C_LANGUAGE_STANDARD = gnu17;
				GCC_DYNAMIC_NO_PIC = NO;
				GCC_NO_COMMON_BLOCKS = YES;
				GCC_OPTIMIZATION_LEVEL = 0;
				GCC_PREPROCESSOR_DEFINITIONS = (
					"DEBUG=1",
					"$(inherited)",
				);
				GCC_WARN_64_TO_32_BIT_CONVERSION = YES;
				GCC_WARN_ABOUT_RETURN_TYPE = YES_ERROR;
				GCC_WARN_UNDECLARED_SELECTOR = YES;
				GCC_WARN_UNINITIALIZED_AUTOS = YES_AGGRESSIVE;
				GCC_WARN_UNUSED_FUNCTION = YES;
				GCC_WARN_UNUSED_VARIABLE = YES;
				IPHONEOS_DEPLOYMENT_TARGET = 17.5;
				LOCALIZATION_PREFERS_STRING_CATALOGS = YES;
				MTL_ENABLE_DEBUG_INFO = INCLUDE_SOURCE;
				MTL_FAST_MATH = YES;
				ONLY_ACTIVE_ARCH = YES;
				SDKROOT = iphoneos;
				SWIFT_ACTIVE_COMPILATION_CONDITIONS = "DEBUG $(inherited)";
				SWIFT_OPTIMIZATION_LEVEL = "-Onone";
			};
			name = Debug;
		};
		3BCD63542C7CF30C00D35516 /* Release */ = {
			isa = XCBuildConfiguration;
			buildSettings = {
				ALWAYS_SEARCH_USER_PATHS = NO;
				ASSETCATALOG_COMPILER_GENERATE_SWIFT_ASSET_SYMBOL_EXTENSIONS = YES;
				CLANG_ANALYZER_NONNULL = YES;
				CLANG_ANALYZER_NUMBER_OBJECT_CONVERSION = YES_AGGRESSIVE;
				CLANG_CXX_LANGUAGE_STANDARD = "gnu++20";
				CLANG_ENABLE_MODULES = YES;
				CLANG_ENABLE_OBJC_ARC = YES;
				CLANG_ENABLE_OBJC_WEAK = YES;
				CLANG_WARN_BLOCK_CAPTURE_AUTORELEASING = YES;
				CLANG_WARN_BOOL_CONVERSION = YES;
				CLANG_WARN_COMMA = YES;
				CLANG_WARN_CONSTANT_CONVERSION = YES;
				CLANG_WARN_DEPRECATED_OBJC_IMPLEMENTATIONS = YES;
				CLANG_WARN_DIRECT_OBJC_ISA_USAGE = YES_ERROR;
				CLANG_WARN_DOCUMENTATION_COMMENTS = YES;
				CLANG_WARN_EMPTY_BODY = YES;
				CLANG_WARN_ENUM_CONVERSION = YES;
				CLANG_WARN_INFINITE_RECURSION = YES;
				CLANG_WARN_INT_CONVERSION = YES;
				CLANG_WARN_NON_LITERAL_NULL_CONVERSION = YES;
				CLANG_WARN_OBJC_IMPLICIT_RETAIN_SELF = YES;
				CLANG_WARN_OBJC_LITERAL_CONVERSION = YES;
				CLANG_WARN_OBJC_ROOT_CLASS = YES_ERROR;
				CLANG_WARN_QUOTED_INCLUDE_IN_FRAMEWORK_HEADER = YES;
				CLANG_WARN_RANGE_LOOP_ANALYSIS = YES;
				CLANG_WARN_STRICT_PROTOTYPES = YES;
				CLANG_WARN_SUSPICIOUS_MOVE = YES;
				CLANG_WARN_UNGUARDED_AVAILABILITY = YES_AGGRESSIVE;
				CLANG_WARN_UNREACHABLE_CODE = YES;
				CLANG_WARN__DUPLICATE_METHOD_MATCH = YES;
				COPY_PHASE_STRIP = NO;
				DEBUG_INFORMATION_FORMAT = "dwarf-with-dsym";
				ENABLE_NS_ASSERTIONS = NO;
				ENABLE_STRICT_OBJC_MSGSEND = YES;
				ENABLE_USER_SCRIPT_SANDBOXING = YES;
				GCC_C_LANGUAGE_STANDARD = gnu17;
				GCC_NO_COMMON_BLOCKS = YES;
				GCC_WARN_64_TO_32_BIT_CONVERSION = YES;
				GCC_WARN_ABOUT_RETURN_TYPE = YES_ERROR;
				GCC_WARN_UNDECLARED_SELECTOR = YES;
				GCC_WARN_UNINITIALIZED_AUTOS = YES_AGGRESSIVE;
				GCC_WARN_UNUSED_FUNCTION = YES;
				GCC_WARN_UNUSED_VARIABLE = YES;
				IPHONEOS_DEPLOYMENT_TARGET = 17.5;
				LOCALIZATION_PREFERS_STRING_CATALOGS = YES;
				MTL_ENABLE_DEBUG_INFO = NO;
				MTL_FAST_MATH = YES;
				SDKROOT = iphoneos;
				SWIFT_COMPILATION_MODE = wholemodule;
				VALIDATE_PRODUCT = YES;
			};
			name = Release;
		};
		3BCD63562C7CF30C00D35516 /* Debug */ = {
			isa = XCBuildConfiguration;
			buildSettings = {
				ASSETCATALOG_COMPILER_APPICON_NAME = AppIcon;
				ASSETCATALOG_COMPILER_GLOBAL_ACCENT_COLOR_NAME = AccentColor;
				CODE_SIGN_STYLE = Automatic;
				CURRENT_PROJECT_VERSION = 1;
				DEVELOPMENT_TEAM = AMUG4JV66R;
				GENERATE_INFOPLIST_FILE = YES;
				INFOPLIST_FILE = PictureEditor/Info.plist;
				INFOPLIST_KEY_UIApplicationSupportsIndirectInputEvents = YES;
				INFOPLIST_KEY_UILaunchStoryboardName = LaunchScreen;
				INFOPLIST_KEY_UIMainStoryboardFile = Main;
				INFOPLIST_KEY_UISupportedInterfaceOrientations_iPad = "UIInterfaceOrientationPortrait UIInterfaceOrientationPortraitUpsideDown UIInterfaceOrientationLandscapeLeft UIInterfaceOrientationLandscapeRight";
				INFOPLIST_KEY_UISupportedInterfaceOrientations_iPhone = "UIInterfaceOrientationPortrait UIInterfaceOrientationLandscapeLeft UIInterfaceOrientationLandscapeRight";
				LD_RUNPATH_SEARCH_PATHS = (
					"$(inherited)",
					"@executable_path/Frameworks",
				);
				MARKETING_VERSION = 1.0;
				PRODUCT_BUNDLE_IDENTIFIER = "Denis-Raiko.PictureEditor";
				PRODUCT_NAME = "$(TARGET_NAME)";
				SWIFT_EMIT_LOC_STRINGS = YES;
				SWIFT_VERSION = 5.0;
				TARGETED_DEVICE_FAMILY = "1,2";
			};
			name = Debug;
		};
		3BCD63572C7CF30C00D35516 /* Release */ = {
			isa = XCBuildConfiguration;
			buildSettings = {
				ASSETCATALOG_COMPILER_APPICON_NAME = AppIcon;
				ASSETCATALOG_COMPILER_GLOBAL_ACCENT_COLOR_NAME = AccentColor;
				CODE_SIGN_STYLE = Automatic;
				CURRENT_PROJECT_VERSION = 1;
				DEVELOPMENT_TEAM = AMUG4JV66R;
				GENERATE_INFOPLIST_FILE = YES;
				INFOPLIST_FILE = PictureEditor/Info.plist;
				INFOPLIST_KEY_UIApplicationSupportsIndirectInputEvents = YES;
				INFOPLIST_KEY_UILaunchStoryboardName = LaunchScreen;
				INFOPLIST_KEY_UIMainStoryboardFile = Main;
				INFOPLIST_KEY_UISupportedInterfaceOrientations_iPad = "UIInterfaceOrientationPortrait UIInterfaceOrientationPortraitUpsideDown UIInterfaceOrientationLandscapeLeft UIInterfaceOrientationLandscapeRight";
				INFOPLIST_KEY_UISupportedInterfaceOrientations_iPhone = "UIInterfaceOrientationPortrait UIInterfaceOrientationLandscapeLeft UIInterfaceOrientationLandscapeRight";
				LD_RUNPATH_SEARCH_PATHS = (
					"$(inherited)",
					"@executable_path/Frameworks",
				);
				MARKETING_VERSION = 1.0;
				PRODUCT_BUNDLE_IDENTIFIER = "Denis-Raiko.PictureEditor";
				PRODUCT_NAME = "$(TARGET_NAME)";
				SWIFT_EMIT_LOC_STRINGS = YES;
				SWIFT_VERSION = 5.0;
				TARGETED_DEVICE_FAMILY = "1,2";
			};
			name = Release;
		};
/* End XCBuildConfiguration section */

/* Begin XCConfigurationList section */
		3BCD633C2C7CF30A00D35516 /* Build configuration list for PBXProject "PictureEditor" */ = {
			isa = XCConfigurationList;
			buildConfigurations = (
				3BCD63532C7CF30C00D35516 /* Debug */,
				3BCD63542C7CF30C00D35516 /* Release */,
			);
			defaultConfigurationIsVisible = 0;
			defaultConfigurationName = Release;
		};
		3BCD63552C7CF30C00D35516 /* Build configuration list for PBXNativeTarget "PictureEditor" */ = {
			isa = XCConfigurationList;
			buildConfigurations = (
				3BCD63562C7CF30C00D35516 /* Debug */,
				3BCD63572C7CF30C00D35516 /* Release */,
			);
			defaultConfigurationIsVisible = 0;
			defaultConfigurationName = Release;
		};
/* End XCConfigurationList section */
	};
	rootObject = 3BCD63392C7CF30A00D35516 /* Project object */;
}
